
Microsoft Visual Studio Solution File, Format Version 12.00
# Visual Studio 15
VisualStudioVersion = 15.0.26403.0
MinimumVisualStudioVersion = 10.0.40219.1
Project("{FAE04EC0-301F-11D3-BF4B-00C04F79EFBC}") = "KsheeraSagara", "KsheeraSagara\KsheeraSagara\KsheeraSagara.csproj", "{10594E22-E226-4CC9-9843-6A644C18A073}"
EndProject
Project("{FAE04EC0-301F-11D3-BF4B-00C04F79EFBC}") = "KsheeraSagara.Droid", "KsheeraSagara\KsheeraSagara.Droid\KsheeraSagara.Droid.csproj", "{70989ED0-7099-4108-90EC-998D78D645BA}"
EndProject
Global
	GlobalSection(SolutionConfigurationPlatforms) = preSolution
		Debug|Any CPU = Debug|Any CPU
		Release|Any CPU = Release|Any CPU
	EndGlobalSection
	GlobalSection(ProjectConfigurationPlatforms) = postSolution
		{10594E22-E226-4CC9-9843-6A644C18A073}.Debug|Any CPU.ActiveCfg = Debug|Any CPU
		{10594E22-E226-4CC9-9843-6A644C18A073}.Debug|Any CPU.Build.0 = Debug|Any CPU
		{10594E22-E226-4CC9-9843-6A644C18A073}.Release|Any CPU.ActiveCfg = Release|Any CPU
		{10594E22-E226-4CC9-9843-6A644C18A073}.Release|Any CPU.Build.0 = Release|Any CPU
		{70989ED0-7099-4108-90EC-998D78D645BA}.Debug|Any CPU.ActiveCfg = Debug|Any CPU
		{70989ED0-7099-4108-90EC-998D78D645BA}.Debug|Any CPU.Build.0 = Debug|Any CPU
		{70989ED0-7099-4108-90EC-998D78D645BA}.Debug|Any CPU.Deploy.0 = Debug|Any CPU
		{70989ED0-7099-4108-90EC-998D78D645BA}.Release|Any CPU.ActiveCfg = Release|Any CPU
		{70989ED0-7099-4108-90EC-998D78D645BA}.Release|Any CPU.Build.0 = Release|Any CPU
		{70989ED0-7099-4108-90EC-998D78D645BA}.Release|Any CPU.Deploy.0 = Release|Any CPU
	EndGlobalSection
	GlobalSection(SolutionProperties) = preSolution
		HideSolutionNode = FALSE
	EndGlobalSection
EndGlobal
